{
    "_readme": [
        "This file locks the dependencies of your project to a known state",
        "Read more about it at http://getcomposer.org/doc/01-basic-usage.md#composer-lock-the-lock-file"
    ],
    "hash": "57d30a74ee71dd4b43a922991c9a7a73",
    "packages": [
        {
            "name": "orbisnull/oauthbase",
            "version": "dev-master",
            "source": {
                "type": "git",
                "url": "https://github.com/orbisnull/oauthbase.git",
                "reference": "eb01895a0332d427e889e2dadb15ed29e36c1512"
            },
            "dist": {
                "type": "zip",
                "url": "https://api.github.com/repos/orbisnull/oauthbase/zipball/eb01895a0332d427e889e2dadb15ed29e36c1512",
                "reference": "eb01895a0332d427e889e2dadb15ed29e36c1512",
                "shasum": ""
            },
            "type": "library",
            "autoload": {
                "psr-0": {
                    "OAuthBase": "src/"
                }
            },
            "notification-url": "http://packagist.org/downloads/",
            "authors": [
                {
                    "name": "Vasiliy Shvakin",
                    "email": "zen4dev@gmail.com"
                }
            ],
            "description": "Base oauth library",
            "time": "2013-08-29 16:05:46"
        }
    ],
    "packages-dev": [

    ],
    "aliases": [

    ],
    "minimum-stability": "dev",
    "stability-flags": {
        "orbisnull/oauthbase": 20
    },
    "platform": [

    ],
    "platform-dev": [

    ]
}
